{
  "requires": true,
  "lockfileVersion": 1,
  "dependencies": {
    "@salesforce-ux/design-system": {
      "version": "2.23.2",
      "resolved": "https://registry.npmjs.org/@salesforce-ux/design-system/-/design-system-2.23.2.tgz",
      "integrity": "sha512-Mw6xvAC7K+66dBvqY9Uk7euUrwIEaT1J7gLfKC0VLajepAWZKVfOI+Oovc39RivO5K2zYDFD8LYNAO3wfzD1AA=="
    }
  }
}
